
Microsoft Visual Studio Solution File, Format Version 12.00
# Visual Studio Version 16
VisualStudioVersion = 16.0.32630.194
MinimumVisualStudioVersion = 10.0.40219.1
Project("{888888A0-9F3D-457C-B088-3A5042F75D52}") = "YL_project_1", "YL_project_1\YL_project_1.pyproj", "{B59D869F-ADEA-40D4-B25D-CA0387833947}"
EndProject
Project("{2150E333-8FDC-42A3-9474-1A3956D46DE8}") = "UI", "UI", "{FC8D68BF-F31F-4A6B-AF59-50A66A25D325}"
	ProjectSection(SolutionItems) = preProject
		UI\AdminWelcome.ui = UI\AdminWelcome.ui
		UI\Basket.ui = UI\Basket.ui
		UI\Creator.ui = UI\Creator.ui
		UI\Orders.ui = UI\Orders.ui
		UI\Shop.ui = UI\Shop.ui
		UI\WelcomeWindow.ui = UI\WelcomeWindow.ui
	EndProjectSection
EndProject
Global
	GlobalSection(SolutionConfigurationPlatforms) = preSolution
		Debug|Any CPU = Debug|Any CPU
		Release|Any CPU = Release|Any CPU
	EndGlobalSection
	GlobalSection(ProjectConfigurationPlatforms) = postSolution
		{B59D869F-ADEA-40D4-B25D-CA0387833947}.Debug|Any CPU.ActiveCfg = Debug|Any CPU
		{B59D869F-ADEA-40D4-B25D-CA0387833947}.Release|Any CPU.ActiveCfg = Release|Any CPU
	EndGlobalSection
	GlobalSection(SolutionProperties) = preSolution
		HideSolutionNode = FALSE
	EndGlobalSection
	GlobalSection(ExtensibilityGlobals) = postSolution
		SolutionGuid = {DDE69306-D5FC-461F-980E-913235C841C8}
	EndGlobalSection
EndGlobal
